
Microsoft Visual Studio Solution File, Format Version 12.00
# Visual Studio Version 16
VisualStudioVersion = 16.0.30413.136
MinimumVisualStudioVersion = 10.0.40219.1
Project("{FAE04EC0-301F-11D3-BF4B-00C04F79EFBC}") = "ThucTapXamarin.Android", "ThucTapXamarin\ThucTapXamarin.Android\ThucTapXamarin.Android.csproj", "{2246063D-A265-4451-810C-1B56BE50724E}"
EndProject
Project("{FAE04EC0-301F-11D3-BF4B-00C04F79EFBC}") = "ThucTapXamarin.iOS", "ThucTapXamarin\ThucTapXamarin.iOS\ThucTapXamarin.iOS.csproj", "{BBC103C6-2B53-4367-8373-387F91DED11D}"
EndProject
Project("{FAE04EC0-301F-11D3-BF4B-00C04F79EFBC}") = "ThucTapXamarin", "ThucTapXamarin\ThucTapXamarin\ThucTapXamarin.csproj", "{CF7AFB29-AC13-44D2-9BD4-144DCA2237B1}"
EndProject
Global
	GlobalSection(SolutionConfigurationPlatforms) = preSolution
		Debug|Any CPU = Debug|Any CPU
		Debug|iPhone = Debug|iPhone
		Debug|iPhoneSimulator = Debug|iPhoneSimulator
		Release|Any CPU = Release|Any CPU
		Release|iPhone = Release|iPhone
		Release|iPhoneSimulator = Release|iPhoneSimulator
	EndGlobalSection
	GlobalSection(ProjectConfigurationPlatforms) = postSolution
		{2246063D-A265-4451-810C-1B56BE50724E}.Debug|Any CPU.ActiveCfg = Debug|Any CPU
		{2246063D-A265-4451-810C-1B56BE50724E}.Debug|Any CPU.Build.0 = Debug|Any CPU
		{2246063D-A265-4451-810C-1B56BE50724E}.Debug|Any CPU.Deploy.0 = Debug|Any CPU
		{2246063D-A265-4451-810C-1B56BE50724E}.Debug|iPhone.ActiveCfg = Debug|Any CPU
		{2246063D-A265-4451-810C-1B56BE50724E}.Debug|iPhone.Build.0 = Debug|Any CPU
		{2246063D-A265-4451-810C-1B56BE50724E}.Debug|iPhone.Deploy.0 = Debug|Any CPU
		{2246063D-A265-4451-810C-1B56BE50724E}.Debug|iPhoneSimulator.ActiveCfg = Debug|Any CPU
		{2246063D-A265-4451-810C-1B56BE50724E}.Debug|iPhoneSimulator.Build.0 = Debug|Any CPU
		{2246063D-A265-4451-810C-1B56BE50724E}.Debug|iPhoneSimulator.Deploy.0 = Debug|Any CPU
		{2246063D-A265-4451-810C-1B56BE50724E}.Release|Any CPU.ActiveCfg = Release|Any CPU
		{2246063D-A265-4451-810C-1B56BE50724E}.Release|Any CPU.Build.0 = Release|Any CPU
		{2246063D-A265-4451-810C-1B56BE50724E}.Release|Any CPU.Deploy.0 = Release|Any CPU
		{2246063D-A265-4451-810C-1B56BE50724E}.Release|iPhone.ActiveCfg = Release|Any CPU
		{2246063D-A265-4451-810C-1B56BE50724E}.Release|iPhone.Build.0 = Release|Any CPU
		{2246063D-A265-4451-810C-1B56BE50724E}.Release|iPhone.Deploy.0 = Release|Any CPU
		{2246063D-A265-4451-810C-1B56BE50724E}.Release|iPhoneSimulator.ActiveCfg = Release|Any CPU
		{2246063D-A265-4451-810C-1B56BE50724E}.Release|iPhoneSimulator.Build.0 = Release|Any CPU
		{2246063D-A265-4451-810C-1B56BE50724E}.Release|iPhoneSimulator.Deploy.0 = Release|Any CPU
		{BBC103C6-2B53-4367-8373-387F91DED11D}.Debug|Any CPU.ActiveCfg = Debug|iPhone
		{BBC103C6-2B53-4367-8373-387F91DED11D}.Debug|Any CPU.Build.0 = Debug|iPhone
		{BBC103C6-2B53-4367-8373-387F91DED11D}.Debug|Any CPU.Deploy.0 = Debug|iPhone
		{BBC103C6-2B53-4367-8373-387F91DED11D}.Debug|iPhone.ActiveCfg = Debug|iPhone
		{BBC103C6-2B53-4367-8373-387F91DED11D}.Debug|iPhone.Build.0 = Debug|iPhone
		{BBC103C6-2B53-4367-8373-387F91DED11D}.Debug|iPhone.Deploy.0 = Debug|iPhone
		{BBC103C6-2B53-4367-8373-387F91DED11D}.Debug|iPhoneSimulator.ActiveCfg = Debug|iPhoneSimulator
		{BBC103C6-2B53-4367-8373-387F91DED11D}.Debug|iPhoneSimulator.Build.0 = Debug|iPhoneSimulator
		{BBC103C6-2B53-4367-8373-387F91DED11D}.Debug|iPhoneSimulator.Deploy.0 = Debug|iPhoneSimulator
		{BBC103C6-2B53-4367-8373-387F91DED11D}.Release|Any CPU.ActiveCfg = Release|iPhone
		{BBC103C6-2B53-4367-8373-387F91DED11D}.Release|Any CPU.Build.0 = Release|iPhone
		{BBC103C6-2B53-4367-8373-387F91DED11D}.Release|Any CPU.Deploy.0 = Release|iPhone
		{BBC103C6-2B53-4367-8373-387F91DED11D}.Release|iPhone.ActiveCfg = Release|iPhone
		{BBC103C6-2B53-4367-8373-387F91DED11D}.Release|iPhone.Build.0 = Release|iPhone
		{BBC103C6-2B53-4367-8373-387F91DED11D}.Release|iPhone.Deploy.0 = Release|iPhone
		{BBC103C6-2B53-4367-8373-387F91DED11D}.Release|iPhoneSimulator.ActiveCfg = Release|iPhoneSimulator
		{BBC103C6-2B53-4367-8373-387F91DED11D}.Release|iPhoneSimulator.Build.0 = Release|iPhoneSimulator
		{BBC103C6-2B53-4367-8373-387F91DED11D}.Release|iPhoneSimulator.Deploy.0 = Release|iPhoneSimulator
		{CF7AFB29-AC13-44D2-9BD4-144DCA2237B1}.Debug|Any CPU.ActiveCfg = Debug|Any CPU
		{CF7AFB29-AC13-44D2-9BD4-144DCA2237B1}.Debug|Any CPU.Build.0 = Debug|Any CPU
		{CF7AFB29-AC13-44D2-9BD4-144DCA2237B1}.Debug|Any CPU.Deploy.0 = Debug|Any CPU
		{CF7AFB29-AC13-44D2-9BD4-144DCA2237B1}.Debug|iPhone.ActiveCfg = Debug|Any CPU
		{CF7AFB29-AC13-44D2-9BD4-144DCA2237B1}.Debug|iPhone.Build.0 = Debug|Any CPU
		{CF7AFB29-AC13-44D2-9BD4-144DCA2237B1}.Debug|iPhone.Deploy.0 = Debug|Any CPU
		{CF7AFB29-AC13-44D2-9BD4-144DCA2237B1}.Debug|iPhoneSimulator.ActiveCfg = Debug|Any CPU
		{CF7AFB29-AC13-44D2-9BD4-144DCA2237B1}.Debug|iPhoneSimulator.Build.0 = Debug|Any CPU
		{CF7AFB29-AC13-44D2-9BD4-144DCA2237B1}.Debug|iPhoneSimulator.Deploy.0 = Debug|Any CPU
		{CF7AFB29-AC13-44D2-9BD4-144DCA2237B1}.Release|Any CPU.ActiveCfg = Release|Any CPU
		{CF7AFB29-AC13-44D2-9BD4-144DCA2237B1}.Release|Any CPU.Build.0 = Release|Any CPU
		{CF7AFB29-AC13-44D2-9BD4-144DCA2237B1}.Release|Any CPU.Deploy.0 = Release|Any CPU
		{CF7AFB29-AC13-44D2-9BD4-144DCA2237B1}.Release|iPhone.ActiveCfg = Release|Any CPU
		{CF7AFB29-AC13-44D2-9BD4-144DCA2237B1}.Release|iPhone.Build.0 = Release|Any CPU
		{CF7AFB29-AC13-44D2-9BD4-144DCA2237B1}.Release|iPhone.Deploy.0 = Release|Any CPU
		{CF7AFB29-AC13-44D2-9BD4-144DCA2237B1}.Release|iPhoneSimulator.ActiveCfg = Release|Any CPU
		{CF7AFB29-AC13-44D2-9BD4-144DCA2237B1}.Release|iPhoneSimulator.Build.0 = Release|Any CPU
		{CF7AFB29-AC13-44D2-9BD4-144DCA2237B1}.Release|iPhoneSimulator.Deploy.0 = Release|Any CPU
	EndGlobalSection
	GlobalSection(SolutionProperties) = preSolution
		HideSolutionNode = FALSE
	EndGlobalSection
	GlobalSection(ExtensibilityGlobals) = postSolution
		SolutionGuid = {BD05DB83-8CA9-40E0-B713-31124DB89C9B}
	EndGlobalSection
EndGlobal
